// !$*UTF8*$!
{
	archiveVersion = 1;
	classes = {
	};
	objectVersion = 46;
	objects = {

/* Begin PBXBuildFile section */
		033A978E1E454F860035AC07 /* AppDelegate.swift in Sources */ = {isa = PBXBuildFile; fileRef = 033A978D1E454F860035AC07 /* AppDelegate.swift */; };
		033A97901E454F860035AC07 /* ViewController.swift in Sources */ = {isa = PBXBuildFile; fileRef = 033A978F1E454F860035AC07 /* ViewController.swift */; };
		033A97931E454F860035AC07 /* Main.storyboard in Resources */ = {isa = PBXBuildFile; fileRef = 033A97911E454F860035AC07 /* Main.storyboard */; };
		033A97951E454F860035AC07 /* Assets.xcassets in Resources */ = {isa = PBXBuildFile; fileRef = 033A97941E454F860035AC07 /* Assets.xcassets */; };
		033A97981E454F860035AC07 /* LaunchScreen.storyboard in Resources */ = {isa = PBXBuildFile; fileRef = 033A97961E454F860035AC07 /* LaunchScreen.storyboard */; };
		AE8AF85A6D60CCEEF62BB1A4 /* Pods_braintree_sticker_store_ios.framework in Frameworks */ = {isa = PBXBuildFile; fileRef = 73AADBF974E38AE51CB0F65C /* Pods_braintree_sticker_store_ios.framework */; };
/* End PBXBuildFile section */

/* Begin PBXFileReference section */
		033A978A1E454F850035AC07 /* braintree-sticker-store-ios.app */ = {isa = PBXFileReference; explicitFileType = wrapper.application; includeInIndex = 0; path = "braintree-sticker-store-ios.app"; sourceTree = BUILT_PRODUCTS_DIR; };
		033A978D1E454F860035AC07 /* AppDelegate.swift */ = {isa = PBXFileReference; lastKnownFileType = sourcecode.swift; path = AppDelegate.swift; sourceTree = "<group>"; };
		033A978F1E454F860035AC07 /* ViewController.swift */ = {isa = PBXFileReference; lastKnownFileType = sourcecode.swift; path = ViewController.swift; sourceTree = "<group>"; };
		033A97921E454F860035AC07 /* Base */ = {isa = PBXFileReference; lastKnownFileType = file.storyboard; name = Base; path = Base.lproj/Main.storyboard; sourceTree = "<group>"; };
		033A97941E454F860035AC07 /* Assets.xcassets */ = {isa = PBXFileReference; lastKnownFileType = folder.assetcatalog; path = Assets.xcassets; sourceTree = "<group>"; };
		033A97971E454F860035AC07 /* Base */ = {isa = PBXFileReference; lastKnownFileType = file.storyboard; name = Base; path = Base.lproj/LaunchScreen.storyboard; sourceTree = "<group>"; };
		033A97991E454F860035AC07 /* Info.plist */ = {isa = PBXFileReference; lastKnownFileType = text.plist.xml; path = Info.plist; sourceTree = "<group>"; };
		73AADBF974E38AE51CB0F65C /* Pods_braintree_sticker_store_ios.framework */ = {isa = PBXFileReference; explicitFileType = wrapper.framework; includeInIndex = 0; path = Pods_braintree_sticker_store_ios.framework; sourceTree = BUILT_PRODUCTS_DIR; };
		E9149743460EB4B97C67B203 /* Pods-braintree-sticker-store-ios.debug.xcconfig */ = {isa = PBXFileReference; includeInIndex = 1; lastKnownFileType = text.xcconfig; name = "Pods-braintree-sticker-store-ios.debug.xcconfig"; path = "Pods/Target Support Files/Pods-braintree-sticker-store-ios/Pods-braintree-sticker-store-ios.debug.xcconfig"; sourceTree = "<group>"; };
		EC83BB94F0E4B8A622A37071 /* Pods-braintree-sticker-store-ios.release.xcconfig */ = {isa = PBXFileReference; includeInIndex = 1; lastKnownFileType = text.xcconfig; name = "Pods-braintree-sticker-store-ios.release.xcconfig"; path = "Pods/Target Support Files/Pods-braintree-sticker-store-ios/Pods-braintree-sticker-store-ios.release.xcconfig"; sourceTree = "<group>"; };
/* End PBXFileReference section */

/* Begin PBXFrameworksBuildPhase section */
		033A97871E454F850035AC07 /* Frameworks */ = {
			isa = PBXFrameworksBuildPhase;
			buildActionMask = 2147483647;
			files = (
				AE8AF85A6D60CCEEF62BB1A4 /* Pods_braintree_sticker_store_ios.framework in Frameworks */,
			);
			runOnlyForDeploymentPostprocessing = 0;
		};
/* End PBXFrameworksBuildPhase section */

/* Begin PBXGroup section */
		033A97811E454F850035AC07 = {
			isa = PBXGroup;
			children = (
				033A978C1E454F850035AC07 /* braintree-sticker-store-ios */,
				033A978B1E454F850035AC07 /* Products */,
				F64ABB4349C3F04D619C9915 /* Pods */,
				9B54FAF58FEAD7FD39DE6018 /* Frameworks */,
			);
			sourceTree = "<group>";
		};
		033A978B1E454F850035AC07 /* Products */ = {
			isa = PBXGroup;
			children = (
				033A978A1E454F850035AC07 /* braintree-sticker-store-ios.app */,
			);
			name = Products;
			sourceTree = "<group>";
		};
		033A978C1E454F850035AC07 /* braintree-sticker-store-ios */ = {
			isa = PBXGroup;
			children = (
				033A978D1E454F860035AC07 /* AppDelegate.swift */,
				033A978F1E454F860035AC07 /* ViewController.swift */,
				033A97911E454F860035AC07 /* Main.storyboard */,
				033A97941E454F860035AC07 /* Assets.xcassets */,
				033A97961E454F860035AC07 /* LaunchScreen.storyboard */,
				033A97991E454F860035AC07 /* Info.plist */,
			);
			path = "braintree-sticker-store-ios";
			sourceTree = "<group>";
		};
		9B54FAF58FEAD7FD39DE6018 /* Frameworks */ = {
			isa = PBXGroup;
			children = (
				73AADBF974E38AE51CB0F65C /* Pods_braintree_sticker_store_ios.framework */,
			);
			name = Frameworks;
			sourceTree = "<group>";
		};
		F64ABB4349C3F04D619C9915 /* Pods */ = {
			isa = PBXGroup;
			children = (
				E9149743460EB4B97C67B203 /* Pods-braintree-sticker-store-ios.debug.xcconfig */,
				EC83BB94F0E4B8A622A37071 /* Pods-braintree-sticker-store-ios.release.xcconfig */,
			);
			name = Pods;
			sourceTree = "<group>";
		};
/* End PBXGroup section */

/* Begin PBXNativeTarget section */
		033A97891E454F850035AC07 /* braintree-sticker-store-ios */ = {
			isa = PBXNativeTarget;
			buildConfigurationList = 033A979C1E454F860035AC07 /* Build configuration list for PBXNativeTarget "braintree-sticker-store-ios" */;
			buildPhases = (
				0CB34615049F9899C5CC5171 /* [CP] Check Pods Manifest.lock */,
				033A97861E454F850035AC07 /* Sources */,
				033A97871E454F850035AC07 /* Frameworks */,
				033A97881E454F850035AC07 /* Resources */,
				10BA3F2072DB31DBF2E755A4 /* [CP] Embed Pods Frameworks */,
				2664F3FD208E6C4C9CF4132E /* [CP] Copy Pods Resources */,
			);
			buildRules = (
			);
			dependencies = (
			);
			name = "braintree-sticker-store-ios";
			productName = "braintree-sticker-store-ios";
			productReference = 033A978A1E454F850035AC07 /* braintree-sticker-store-ios.app */;
			productType = "com.apple.product-type.application";
		};
/* End PBXNativeTarget section */

/* Begin PBXProject section */
		033A97821E454F850035AC07 /* Project object */ = {
			isa = PBXProject;
			attributes = {
				LastSwiftUpdateCheck = 0820;
				LastUpgradeCheck = 0820;
				ORGANIZATIONNAME = Braintree;
				TargetAttributes = {
					033A97891E454F850035AC07 = {
						CreatedOnToolsVersion = 8.2.1;
						DevelopmentTeam = 43253H4X22;
						ProvisioningStyle = Automatic;
					};
				};
			};
			buildConfigurationList = 033A97851E454F850035AC07 /* Build configuration list for PBXProject "braintree-sticker-store-ios" */;
			compatibilityVersion = "Xcode 3.2";
			developmentRegion = English;
			hasScannedForEncodings = 0;
			knownRegions = (
				en,
				Base,
			);
			mainGroup = 033A97811E454F850035AC07;
			productRefGroup = 033A978B1E454F850035AC07 /* Products */;
			projectDirPath = "";
			projectRoot = "";
			targets = (
				033A97891E454F850035AC07 /* braintree-sticker-store-ios */,
			);
		};
/* End PBXProject section */

/* Begin PBXResourcesBuildPhase section */
		033A97881E454F850035AC07 /* Resources */ = {
			isa = PBXResourcesBuildPhase;
			buildActionMask = 2147483647;
			files = (
				033A97981E454F860035AC07 /* LaunchScreen.storyboard in Resources */,
				033A97951E454F860035AC07 /* Assets.xcassets in Resources */,
				033A97931E454F860035AC07 /* Main.storyboard in Resources */,
			);
			runOnlyForDeploymentPostprocessing = 0;
		};
/* End PBXResourcesBuildPhase section */

/* Begin PBXShellScriptBuildPhase section */
		0CB34615049F9899C5CC5171 /* [CP] Check Pods Manifest.lock */ = {
			isa = PBXShellScriptBuildPhase;
			buildActionMask = 2147483647;
			files = (
			);
			inputPaths = (
			);
			name = "[CP] Check Pods Manifest.lock";
			outputPaths = (
			);
			runOnlyForDeploymentPostprocessing = 0;
			shellPath = /bin/sh;
			shellScript = "diff \"${PODS_ROOT}/../Podfile.lock\" \"${PODS_ROOT}/Manifest.lock\" > /dev/null\nif [ $? != 0 ] ; then\n    # print error to STDERR\n    echo \"error: The sandbox is not in sync with the Podfile.lock. Run 'pod install' or update your CocoaPods installation.\" >&2\n    exit 1\nfi\n";
			showEnvVarsInLog = 0;
		};
		10BA3F2072DB31DBF2E755A4 /* [CP] Embed Pods Frameworks */ = {
			isa = PBXShellScriptBuildPhase;
			buildActionMask = 2147483647;
			files = (
			);
			inputPaths = (
			);
			name = "[CP] Embed Pods Frameworks";
			outputPaths = (
			);
			runOnlyForDeploymentPostprocessing = 0;
			shellPath = /bin/sh;
			shellScript = "\"${SRCROOT}/Pods/Target Support Files/Pods-braintree-sticker-store-ios/Pods-braintree-sticker-store-ios-frameworks.sh\"\n";
			showEnvVarsInLog = 0;
		};
		2664F3FD208E6C4C9CF4132E /* [CP] Copy Pods Resources */ = {
			isa = PBXShellScriptBuildPhase;
			buildActionMask = 2147483647;
			files = (
			);
			inputPaths = (
			);
			name = "[CP] Copy Pods Resources";
			outputPaths = (
			);
			runOnlyForDeploymentPostprocessing = 0;
			shellPath = /bin/sh;
			shellScript = "\"${SRCROOT}/Pods/Target Support Files/Pods-braintree-sticker-store-ios/Pods-braintree-sticker-store-ios-resources.sh\"\n";
			showEnvVarsInLog = 0;
		};
/* End PBXShellScriptBuildPhase section */

/* Begin PBXSourcesBuildPhase section */
		033A97861E454F850035AC07 /* Sources */ = {
			isa = PBXSourcesBuildPhase;
			buildActionMask = 2147483647;
			files = (
				033A97901E454F860035AC07 /* ViewController.swift in Sources */,
				033A978E1E454F860035AC07 /* AppDelegate.swift in Sources */,
			);
			runOnlyForDeploymentPostprocessing = 0;
		};
/* End PBXSourcesBuildPhase section */

/* Begin PBXVariantGroup section */
		033A97911E454F860035AC07 /* Main.storyboard */ = {
			isa = PBXVariantGroup;
			children = (
				033A97921E454F860035AC07 /* Base */,
			);
			name = Main.storyboard;
			sourceTree = "<group>";
		};
		033A97961E454F860035AC07 /* LaunchScreen.storyboard */ = {
			isa = PBXVariantGroup;
			children = (
				033A97971E454F860035AC07 /* Base */,
			);
			name = LaunchScreen.storyboard;
			sourceTree = "<group>";
		};
/* End PBXVariantGroup section */

/* Begin XCBuildConfiguration section */
		033A979A1E454F860035AC07 /* Debug */ = {
			isa = XCBuildConfiguration;
			buildSettings = {
				ALWAYS_SEARCH_USER_PATHS = NO;
				CLANG_ANALYZER_NONNULL = YES;
				CLANG_CXX_LANGUAGE_STANDARD = "gnu++0x";
				CLANG_CXX_LIBRARY = "libc++";
				CLANG_ENABLE_MODULES = YES;
				CLANG_ENABLE_OBJC_ARC = YES;
				CLANG_WARN_BOOL_CONVERSION = YES;
				CLANG_WARN_CONSTANT_CONVERSION = YES;
				CLANG_WARN_DIRECT_OBJC_ISA_USAGE = YES_ERROR;
				CLANG_WARN_DOCUMENTATION_COMMENTS = YES;
				CLANG_WARN_EMPTY_BODY = YES;
				CLANG_WARN_ENUM_CONVERSION = YES;
				CLANG_WARN_INFINITE_RECURSION = YES;
				CLANG_WARN_INT_CONVERSION = YES;
				CLANG_WARN_OBJC_ROOT_CLASS = YES_ERROR;
				CLANG_WARN_SUSPICIOUS_MOVE = YES;
				CLANG_WARN_UNREACHABLE_CODE = YES;
				CLANG_WARN__DUPLICATE_METHOD_MATCH = YES;
				"CODE_SIGN_IDENTITY[sdk=iphoneos*]" = "iPhone Developer";
				COPY_PHASE_STRIP = NO;
				DEBUG_INFORMATION_FORMAT = dwarf;
				ENABLE_STRICT_OBJC_MSGSEND = YES;
				ENABLE_TESTABILITY = YES;
				GCC_C_LANGUAGE_STANDARD = gnu99;
				GCC_DYNAMIC_NO_PIC = NO;
				GCC_NO_COMMON_BLOCKS = YES;
				GCC_OPTIMIZATION_LEVEL = 0;
				GCC_PREPROCESSOR_DEFINITIONS = (
					"DEBUG=1",
					"$(inherited)",
				);
				GCC_WARN_64_TO_32_BIT_CONVERSION = YES;
				GCC_WARN_ABOUT_RETURN_TYPE = YES_ERROR;
				GCC_WARN_UNDECLARED_SELECTOR = YES;
				GCC_WARN_UNINITIALIZED_AUTOS = YES_AGGRESSIVE;
				GCC_WARN_UNUSED_FUNCTION = YES;
				GCC_WARN_UNUSED_VARIABLE = YES;
				IPHONEOS_DEPLOYMENT_TARGET = 10.2;
				MTL_ENABLE_DEBUG_INFO = YES;
				ONLY_ACTIVE_ARCH = YES;
				SDKROOT = iphoneos;
				SWIFT_ACTIVE_COMPILATION_CONDITIONS = DEBUG;
				SWIFT_OPTIMIZATION_LEVEL = "-Onone";
				TARGETED_DEVICE_FAMILY = "1,2";
			};
			name = Debug;
		};
		033A979B1E454F860035AC07 /* Release */ = {
			isa = XCBuildConfiguration;
			buildSettings = {
				ALWAYS_SEARCH_USER_PATHS = NO;
				CLANG_ANALYZER_NONNULL = YES;
				CLANG_CXX_LANGUAGE_STANDARD = "gnu++0x";
				CLANG_CXX_LIBRARY = "libc++";
				CLANG_ENABLE_MODULES = YES;
				CLANG_ENABLE_OBJC_ARC = YES;
				CLANG_WARN_BOOL_CONVERSION = YES;
				CLANG_WARN_CONSTANT_CONVERSION = YES;
				CLANG_WARN_DIRECT_OBJC_ISA_USAGE = YES_ERROR;
				CLANG_WARN_DOCUMENTATION_COMMENTS = YES;
				CLANG_WARN_EMPTY_BODY = YES;
				CLANG_WARN_ENUM_CONVERSION = YES;
				CLANG_WARN_INFINITE_RECURSION = YES;
				CLANG_WARN_INT_CONVERSION = YES;
				CLANG_WARN_OBJC_ROOT_CLASS = YES_ERROR;
				CLANG_WARN_SUSPICIOUS_MOVE = YES;
				CLANG_WARN_UNREACHABLE_CODE = YES;
				CLANG_WARN__DUPLICATE_METHOD_MATCH = YES;
				"CODE_SIGN_IDENTITY[sdk=iphoneos*]" = "iPhone Developer";
				COPY_PHASE_STRIP = NO;
				DEBUG_INFORMATION_FORMAT = "dwarf-with-dsym";
				ENABLE_NS_ASSERTIONS = NO;
				ENABLE_STRICT_OBJC_MSGSEND = YES;
				GCC_C_LANGUAGE_STANDARD = gnu99;
				GCC_NO_COMMON_BLOCKS = YES;
				GCC_WARN_64_TO_32_BIT_CONVERSION = YES;
				GCC_WARN_ABOUT_RETURN_TYPE = YES_ERROR;
				GCC_WARN_UNDECLARED_SELECTOR = YES;
				GCC_WARN_UNINITIALIZED_AUTOS = YES_AGGRESSIVE;
				GCC_WARN_UNUSED_FUNCTION = YES;
				GCC_WARN_UNUSED_VARIABLE = YES;
				IPHONEOS_DEPLOYMENT_TARGET = 10.2;
				MTL_ENABLE_DEBUG_INFO = NO;
				SDKROOT = iphoneos;
				SWIFT_OPTIMIZATION_LEVEL = "-Owholemodule";
				TARGETED_DEVICE_FAMILY = "1,2";
				VALIDATE_PRODUCT = YES;
			};
			name = Release;
		};
		033A979D1E454F860035AC07 /* Debug */ = {
			isa = XCBuildConfiguration;
			baseConfigurationReference = E9149743460EB4B97C67B203 /* Pods-braintree-sticker-store-ios.debug.xcconfig */;
			buildSettings = {
				ASSETCATALOG_COMPILER_APPICON_NAME = AppIcon;
				DEVELOPMENT_TEAM = 43253H4X22;
				INFOPLIST_FILE = "braintree-sticker-store-ios/Info.plist";
				IPHONEOS_DEPLOYMENT_TARGET = 9.0;
				LD_RUNPATH_SEARCH_PATHS = "$(inherited) @executable_path/Frameworks";
				PRODUCT_BUNDLE_IDENTIFIER = "com.braintreepayments.braintree-sticker-store-ios";
				PRODUCT_NAME = "$(TARGET_NAME)";
				SWIFT_VERSION = 3.0;
			};
			name = Debug;
		};
		033A979E1E454F860035AC07 /* Release */ = {
			isa = XCBuildConfiguration;
			baseConfigurationReference = EC83BB94F0E4B8A622A37071 /* Pods-braintree-sticker-store-ios.release.xcconfig */;
			buildSettings = {
				ASSETCATALOG_COMPILER_APPICON_NAME = AppIcon;
				DEVELOPMENT_TEAM = 43253H4X22;
				INFOPLIST_FILE = "braintree-sticker-store-ios/Info.plist";
				IPHONEOS_DEPLOYMENT_TARGET = 9.0;
				LD_RUNPATH_SEARCH_PATHS = "$(inherited) @executable_path/Frameworks";
				PRODUCT_BUNDLE_IDENTIFIER = "com.braintreepayments.braintree-sticker-store-ios";
				PRODUCT_NAME = "$(TARGET_NAME)";
				SWIFT_VERSION = 3.0;
			};
			name = Release;
		};
/* End XCBuildConfiguration section */

/* Begin XCConfigurationList section */
		033A97851E454F850035AC07 /* Build configuration list for PBXProject "braintree-sticker-store-ios" */ = {
			isa = XCConfigurationList;
			buildConfigurations = (
				033A979A1E454F860035AC07 /* Debug */,
				033A979B1E454F860035AC07 /* Release */,
			);
			defaultConfigurationIsVisible = 0;
			defaultConfigurationName = Release;
		};
		033A979C1E454F860035AC07 /* Build configuration list for PBXNativeTarget "braintree-sticker-store-ios" */ = {
			isa = XCConfigurationList;
			buildConfigurations = (
				033A979D1E454F860035AC07 /* Debug */,
				033A979E1E454F860035AC07 /* Release */,
			);
			defaultConfigurationIsVisible = 0;
			defaultConfigurationName = Release;
		};
/* End XCConfigurationList section */
	};
	rootObject = 033A97821E454F850035AC07 /* Project object */;
}
